
Microsoft Visual Studio Solution File, Format Version 11.00
# Visual Studio 2010
Project("{FAE04EC0-301F-11D3-BF4B-00C04F79EFBC}") = "gcXtraReports.Design", "gcXtraReports.Design\gcXtraReports.Design.csproj", "{69C3EEB8-11C3-475C-A15A-0C4324CB052B}"
EndProject
Project("{FAE04EC0-301F-11D3-BF4B-00C04F79EFBC}") = "gcXtraReports.Designer", "gcXtraReports.Designer\gcXtraReports.Designer.csproj", "{32BA9C78-C41C-4E3E-B987-33018F28A47B}"
EndProject
Project("{FAE04EC0-301F-11D3-BF4B-00C04F79EFBC}") = "gcXtraReports.TestResources", "XtraSubReports.TestResources\gcXtraReports.TestResources.csproj", "{4C4B84C6-A3BF-42AC-9E7B-393387DBA4D1}"
EndProject
Project("{FAE04EC0-301F-11D3-BF4B-00C04F79EFBC}") = "gcXtraReports.Designer.Specs", "gcXtraReports.Designer.Specs\gcXtraReports.Designer.Specs.csproj", "{F212BFE5-24E2-41DA-89C0-BD0B7AE9967E}"
EndProject
Project("{FAE04EC0-301F-11D3-BF4B-00C04F79EFBC}") = "gcXtraReports.Winforms.Tests", "gcXtraReports.Designer.Tests\gcXtraReports.Winforms.Tests.csproj", "{158658AA-76A8-44BF-A4E5-475CA334679C}"
EndProject
Global
	GlobalSection(SolutionConfigurationPlatforms) = preSolution
		Debug|Any CPU = Debug|Any CPU
		Debug|Mixed Platforms = Debug|Mixed Platforms
		Debug|x86 = Debug|x86
		DeployClickOnce|Any CPU = DeployClickOnce|Any CPU
		DeployClickOnce|Mixed Platforms = DeployClickOnce|Mixed Platforms
		DeployClickOnce|x86 = DeployClickOnce|x86
		Release|Any CPU = Release|Any CPU
		Release|Mixed Platforms = Release|Mixed Platforms
		Release|x86 = Release|x86
	EndGlobalSection
	GlobalSection(ProjectConfigurationPlatforms) = postSolution
		{69C3EEB8-11C3-475C-A15A-0C4324CB052B}.Debug|Any CPU.ActiveCfg = Debug|Any CPU
		{69C3EEB8-11C3-475C-A15A-0C4324CB052B}.Debug|Any CPU.Build.0 = Debug|Any CPU
		{69C3EEB8-11C3-475C-A15A-0C4324CB052B}.Debug|Mixed Platforms.ActiveCfg = Debug|Any CPU
		{69C3EEB8-11C3-475C-A15A-0C4324CB052B}.Debug|Mixed Platforms.Build.0 = Debug|Any CPU
		{69C3EEB8-11C3-475C-A15A-0C4324CB052B}.Debug|x86.ActiveCfg = Debug|Any CPU
		{69C3EEB8-11C3-475C-A15A-0C4324CB052B}.DeployClickOnce|Any CPU.ActiveCfg = DeployClickOnce|Any CPU
		{69C3EEB8-11C3-475C-A15A-0C4324CB052B}.DeployClickOnce|Any CPU.Build.0 = DeployClickOnce|Any CPU
		{69C3EEB8-11C3-475C-A15A-0C4324CB052B}.DeployClickOnce|Mixed Platforms.ActiveCfg = DeployClickOnce|Any CPU
		{69C3EEB8-11C3-475C-A15A-0C4324CB052B}.DeployClickOnce|Mixed Platforms.Build.0 = DeployClickOnce|Any CPU
		{69C3EEB8-11C3-475C-A15A-0C4324CB052B}.DeployClickOnce|x86.ActiveCfg = DeployClickOnce|Any CPU
		{69C3EEB8-11C3-475C-A15A-0C4324CB052B}.Release|Any CPU.ActiveCfg = Release|Any CPU
		{69C3EEB8-11C3-475C-A15A-0C4324CB052B}.Release|Any CPU.Build.0 = Release|Any CPU
		{69C3EEB8-11C3-475C-A15A-0C4324CB052B}.Release|Mixed Platforms.ActiveCfg = Release|Any CPU
		{69C3EEB8-11C3-475C-A15A-0C4324CB052B}.Release|Mixed Platforms.Build.0 = Release|Any CPU
		{69C3EEB8-11C3-475C-A15A-0C4324CB052B}.Release|x86.ActiveCfg = Release|Any CPU
		{32BA9C78-C41C-4E3E-B987-33018F28A47B}.Debug|Any CPU.ActiveCfg = Debug|x86
		{32BA9C78-C41C-4E3E-B987-33018F28A47B}.Debug|Mixed Platforms.ActiveCfg = Debug|x86
		{32BA9C78-C41C-4E3E-B987-33018F28A47B}.Debug|Mixed Platforms.Build.0 = Debug|x86
		{32BA9C78-C41C-4E3E-B987-33018F28A47B}.Debug|x86.ActiveCfg = Debug|x86
		{32BA9C78-C41C-4E3E-B987-33018F28A47B}.Debug|x86.Build.0 = Debug|x86
		{32BA9C78-C41C-4E3E-B987-33018F28A47B}.DeployClickOnce|Any CPU.ActiveCfg = DeployClickOnce|x86
		{32BA9C78-C41C-4E3E-B987-33018F28A47B}.DeployClickOnce|Mixed Platforms.ActiveCfg = DeployClickOnce|x86
		{32BA9C78-C41C-4E3E-B987-33018F28A47B}.DeployClickOnce|Mixed Platforms.Build.0 = DeployClickOnce|x86
		{32BA9C78-C41C-4E3E-B987-33018F28A47B}.DeployClickOnce|x86.ActiveCfg = DeployClickOnce|x86
		{32BA9C78-C41C-4E3E-B987-33018F28A47B}.DeployClickOnce|x86.Build.0 = DeployClickOnce|x86
		{32BA9C78-C41C-4E3E-B987-33018F28A47B}.Release|Any CPU.ActiveCfg = Release|x86
		{32BA9C78-C41C-4E3E-B987-33018F28A47B}.Release|Mixed Platforms.ActiveCfg = Release|x86
		{32BA9C78-C41C-4E3E-B987-33018F28A47B}.Release|Mixed Platforms.Build.0 = Release|x86
		{32BA9C78-C41C-4E3E-B987-33018F28A47B}.Release|x86.ActiveCfg = Release|x86
		{32BA9C78-C41C-4E3E-B987-33018F28A47B}.Release|x86.Build.0 = Release|x86
		{4C4B84C6-A3BF-42AC-9E7B-393387DBA4D1}.Debug|Any CPU.ActiveCfg = Debug|Any CPU
		{4C4B84C6-A3BF-42AC-9E7B-393387DBA4D1}.Debug|Any CPU.Build.0 = Debug|Any CPU
		{4C4B84C6-A3BF-42AC-9E7B-393387DBA4D1}.Debug|Mixed Platforms.ActiveCfg = Debug|Any CPU
		{4C4B84C6-A3BF-42AC-9E7B-393387DBA4D1}.Debug|Mixed Platforms.Build.0 = Debug|Any CPU
		{4C4B84C6-A3BF-42AC-9E7B-393387DBA4D1}.Debug|x86.ActiveCfg = Debug|Any CPU
		{4C4B84C6-A3BF-42AC-9E7B-393387DBA4D1}.DeployClickOnce|Any CPU.ActiveCfg = Debug|Any CPU
		{4C4B84C6-A3BF-42AC-9E7B-393387DBA4D1}.DeployClickOnce|Any CPU.Build.0 = Debug|Any CPU
		{4C4B84C6-A3BF-42AC-9E7B-393387DBA4D1}.DeployClickOnce|Mixed Platforms.ActiveCfg = Debug|Any CPU
		{4C4B84C6-A3BF-42AC-9E7B-393387DBA4D1}.DeployClickOnce|Mixed Platforms.Build.0 = Debug|Any CPU
		{4C4B84C6-A3BF-42AC-9E7B-393387DBA4D1}.DeployClickOnce|x86.ActiveCfg = Debug|Any CPU
		{4C4B84C6-A3BF-42AC-9E7B-393387DBA4D1}.Release|Any CPU.ActiveCfg = Release|Any CPU
		{4C4B84C6-A3BF-42AC-9E7B-393387DBA4D1}.Release|Any CPU.Build.0 = Release|Any CPU
		{4C4B84C6-A3BF-42AC-9E7B-393387DBA4D1}.Release|Mixed Platforms.ActiveCfg = Release|Any CPU
		{4C4B84C6-A3BF-42AC-9E7B-393387DBA4D1}.Release|Mixed Platforms.Build.0 = Release|Any CPU
		{4C4B84C6-A3BF-42AC-9E7B-393387DBA4D1}.Release|x86.ActiveCfg = Release|Any CPU
		{F212BFE5-24E2-41DA-89C0-BD0B7AE9967E}.Debug|Any CPU.ActiveCfg = Debug|Any CPU
		{F212BFE5-24E2-41DA-89C0-BD0B7AE9967E}.Debug|Any CPU.Build.0 = Debug|Any CPU
		{F212BFE5-24E2-41DA-89C0-BD0B7AE9967E}.Debug|Mixed Platforms.ActiveCfg = Debug|Any CPU
		{F212BFE5-24E2-41DA-89C0-BD0B7AE9967E}.Debug|Mixed Platforms.Build.0 = Debug|Any CPU
		{F212BFE5-24E2-41DA-89C0-BD0B7AE9967E}.Debug|x86.ActiveCfg = Debug|Any CPU
		{F212BFE5-24E2-41DA-89C0-BD0B7AE9967E}.DeployClickOnce|Any CPU.ActiveCfg = Debug|Any CPU
		{F212BFE5-24E2-41DA-89C0-BD0B7AE9967E}.DeployClickOnce|Any CPU.Build.0 = Debug|Any CPU
		{F212BFE5-24E2-41DA-89C0-BD0B7AE9967E}.DeployClickOnce|Mixed Platforms.ActiveCfg = Debug|Any CPU
		{F212BFE5-24E2-41DA-89C0-BD0B7AE9967E}.DeployClickOnce|Mixed Platforms.Build.0 = Debug|Any CPU
		{F212BFE5-24E2-41DA-89C0-BD0B7AE9967E}.DeployClickOnce|x86.ActiveCfg = Debug|Any CPU
		{F212BFE5-24E2-41DA-89C0-BD0B7AE9967E}.Release|Any CPU.ActiveCfg = Release|Any CPU
		{F212BFE5-24E2-41DA-89C0-BD0B7AE9967E}.Release|Any CPU.Build.0 = Release|Any CPU
		{F212BFE5-24E2-41DA-89C0-BD0B7AE9967E}.Release|Mixed Platforms.ActiveCfg = Release|Any CPU
		{F212BFE5-24E2-41DA-89C0-BD0B7AE9967E}.Release|Mixed Platforms.Build.0 = Release|Any CPU
		{F212BFE5-24E2-41DA-89C0-BD0B7AE9967E}.Release|x86.ActiveCfg = Release|Any CPU
		{158658AA-76A8-44BF-A4E5-475CA334679C}.Debug|Any CPU.ActiveCfg = Debug|Any CPU
		{158658AA-76A8-44BF-A4E5-475CA334679C}.Debug|Any CPU.Build.0 = Debug|Any CPU
		{158658AA-76A8-44BF-A4E5-475CA334679C}.Debug|Mixed Platforms.ActiveCfg = Debug|Any CPU
		{158658AA-76A8-44BF-A4E5-475CA334679C}.Debug|Mixed Platforms.Build.0 = Debug|Any CPU
		{158658AA-76A8-44BF-A4E5-475CA334679C}.Debug|x86.ActiveCfg = Debug|Any CPU
		{158658AA-76A8-44BF-A4E5-475CA334679C}.DeployClickOnce|Any CPU.ActiveCfg = Debug|Any CPU
		{158658AA-76A8-44BF-A4E5-475CA334679C}.DeployClickOnce|Any CPU.Build.0 = Debug|Any CPU
		{158658AA-76A8-44BF-A4E5-475CA334679C}.DeployClickOnce|Mixed Platforms.ActiveCfg = Debug|Any CPU
		{158658AA-76A8-44BF-A4E5-475CA334679C}.DeployClickOnce|Mixed Platforms.Build.0 = Debug|Any CPU
		{158658AA-76A8-44BF-A4E5-475CA334679C}.DeployClickOnce|x86.ActiveCfg = Debug|Any CPU
		{158658AA-76A8-44BF-A4E5-475CA334679C}.Release|Any CPU.ActiveCfg = Release|Any CPU
		{158658AA-76A8-44BF-A4E5-475CA334679C}.Release|Any CPU.Build.0 = Release|Any CPU
		{158658AA-76A8-44BF-A4E5-475CA334679C}.Release|Mixed Platforms.ActiveCfg = Release|Any CPU
		{158658AA-76A8-44BF-A4E5-475CA334679C}.Release|Mixed Platforms.Build.0 = Release|Any CPU
		{158658AA-76A8-44BF-A4E5-475CA334679C}.Release|x86.ActiveCfg = Release|Any CPU
	EndGlobalSection
	GlobalSection(SolutionProperties) = preSolution
		HideSolutionNode = FALSE
	EndGlobalSection
EndGlobal
